// !$*UTF8*$!
{
	archiveVersion = 1;
	classes = {
	};
	objectVersion = 50;
	objects = {

/* Begin PBXBuildFile section */
		9B802BA623607B8E008F8312 /* AppDelegate.swift in Sources */ = {isa = PBXBuildFile; fileRef = 9B802BA523607B8E008F8312 /* AppDelegate.swift */; };
		9B802BA823607B8E008F8312 /* ViewController.swift in Sources */ = {isa = PBXBuildFile; fileRef = 9B802BA723607B8E008F8312 /* ViewController.swift */; };
		9B802BAB23607B8E008F8312 /* Main.storyboard in Resources */ = {isa = PBXBuildFile; fileRef = 9B802BA923607B8E008F8312 /* Main.storyboard */; };
		9B802BAE23607B8E008F8312 /* instragramclone.xcdatamodeld in Sources */ = {isa = PBXBuildFile; fileRef = 9B802BAC23607B8E008F8312 /* instragramclone.xcdatamodeld */; };
		9B802BB023607B8F008F8312 /* Assets.xcassets in Resources */ = {isa = PBXBuildFile; fileRef = 9B802BAF23607B8F008F8312 /* Assets.xcassets */; };
		9B802BB323607B8F008F8312 /* LaunchScreen.storyboard in Resources */ = {isa = PBXBuildFile; fileRef = 9B802BB123607B8F008F8312 /* LaunchScreen.storyboard */; };
		9B802BBC23609C35008F8312 /* CustomCell.swift in Sources */ = {isa = PBXBuildFile; fileRef = 9B802BBA23609C35008F8312 /* CustomCell.swift */; };
		9B802BBD23609C35008F8312 /* CustomCell.xib in Resources */ = {isa = PBXBuildFile; fileRef = 9B802BBB23609C35008F8312 /* CustomCell.xib */; };
		9BB51B112360A1C000484AE3 /* LoginViewController.swift in Sources */ = {isa = PBXBuildFile; fileRef = 9BB51B102360A1C000484AE3 /* LoginViewController.swift */; };
		9BB51B132360AEBD00484AE3 /* logo1.png in Resources */ = {isa = PBXBuildFile; fileRef = 9BB51B122360AEBD00484AE3 /* logo1.png */; };
/* End PBXBuildFile section */

/* Begin PBXFileReference section */
		9B802BA223607B8E008F8312 /* instragramclone.app */ = {isa = PBXFileReference; explicitFileType = wrapper.application; includeInIndex = 0; path = instragramclone.app; sourceTree = BUILT_PRODUCTS_DIR; };
		9B802BA523607B8E008F8312 /* AppDelegate.swift */ = {isa = PBXFileReference; lastKnownFileType = sourcecode.swift; path = AppDelegate.swift; sourceTree = "<group>"; };
		9B802BA723607B8E008F8312 /* ViewController.swift */ = {isa = PBXFileReference; lastKnownFileType = sourcecode.swift; path = ViewController.swift; sourceTree = "<group>"; };
		9B802BAA23607B8E008F8312 /* Base */ = {isa = PBXFileReference; lastKnownFileType = file.storyboard; name = Base; path = Base.lproj/Main.storyboard; sourceTree = "<group>"; };
		9B802BAD23607B8E008F8312 /* instragramclone.xcdatamodel */ = {isa = PBXFileReference; lastKnownFileType = wrapper.xcdatamodel; path = instragramclone.xcdatamodel; sourceTree = "<group>"; };
		9B802BAF23607B8F008F8312 /* Assets.xcassets */ = {isa = PBXFileReference; lastKnownFileType = folder.assetcatalog; path = Assets.xcassets; sourceTree = "<group>"; };
		9B802BB223607B8F008F8312 /* Base */ = {isa = PBXFileReference; lastKnownFileType = file.storyboard; name = Base; path = Base.lproj/LaunchScreen.storyboard; sourceTree = "<group>"; };
		9B802BB423607B8F008F8312 /* Info.plist */ = {isa = PBXFileReference; lastKnownFileType = text.plist.xml; path = Info.plist; sourceTree = "<group>"; };
		9B802BBA23609C35008F8312 /* CustomCell.swift */ = {isa = PBXFileReference; lastKnownFileType = sourcecode.swift; path = CustomCell.swift; sourceTree = "<group>"; };
		9B802BBB23609C35008F8312 /* CustomCell.xib */ = {isa = PBXFileReference; lastKnownFileType = file.xib; path = CustomCell.xib; sourceTree = "<group>"; };
		9BB51B102360A1C000484AE3 /* LoginViewController.swift */ = {isa = PBXFileReference; lastKnownFileType = sourcecode.swift; path = LoginViewController.swift; sourceTree = "<group>"; };
		9BB51B122360AEBD00484AE3 /* logo1.png */ = {isa = PBXFileReference; lastKnownFileType = image.png; path = logo1.png; sourceTree = "<group>"; };
/* End PBXFileReference section */

/* Begin PBXFrameworksBuildPhase section */
		9B802B9F23607B8E008F8312 /* Frameworks */ = {
			isa = PBXFrameworksBuildPhase;
			buildActionMask = 2147483647;
			files = (
			);
			runOnlyForDeploymentPostprocessing = 0;
		};
/* End PBXFrameworksBuildPhase section */

/* Begin PBXGroup section */
		9B802B9923607B8E008F8312 = {
			isa = PBXGroup;
			children = (
				9B802BA423607B8E008F8312 /* instragramclone */,
				9B802BA323607B8E008F8312 /* Products */,
			);
			sourceTree = "<group>";
		};
		9B802BA323607B8E008F8312 /* Products */ = {
			isa = PBXGroup;
			children = (
				9B802BA223607B8E008F8312 /* instragramclone.app */,
			);
			name = Products;
			sourceTree = "<group>";
		};
		9B802BA423607B8E008F8312 /* instragramclone */ = {
			isa = PBXGroup;
			children = (
				9B802BA523607B8E008F8312 /* AppDelegate.swift */,
				9B802BA723607B8E008F8312 /* ViewController.swift */,
				9B802BA923607B8E008F8312 /* Main.storyboard */,
				9BB51B102360A1C000484AE3 /* LoginViewController.swift */,
				9B802BBA23609C35008F8312 /* CustomCell.swift */,
				9B802BBB23609C35008F8312 /* CustomCell.xib */,
				9B802BAF23607B8F008F8312 /* Assets.xcassets */,
				9BB51B122360AEBD00484AE3 /* logo1.png */,
				9B802BB123607B8F008F8312 /* LaunchScreen.storyboard */,
				9B802BB423607B8F008F8312 /* Info.plist */,
				9B802BAC23607B8E008F8312 /* instragramclone.xcdatamodeld */,
			);
			path = instragramclone;
			sourceTree = "<group>";
		};
/* End PBXGroup section */

/* Begin PBXNativeTarget section */
		9B802BA123607B8E008F8312 /* instragramclone */ = {
			isa = PBXNativeTarget;
			buildConfigurationList = 9B802BB723607B8F008F8312 /* Build configuration list for PBXNativeTarget "instragramclone" */;
			buildPhases = (
				9B802B9E23607B8E008F8312 /* Sources */,
				9B802B9F23607B8E008F8312 /* Frameworks */,
				9B802BA023607B8E008F8312 /* Resources */,
			);
			buildRules = (
			);
			dependencies = (
			);
			name = instragramclone;
			productName = instragramclone;
			productReference = 9B802BA223607B8E008F8312 /* instragramclone.app */;
			productType = "com.apple.product-type.application";
		};
/* End PBXNativeTarget section */

/* Begin PBXProject section */
		9B802B9A23607B8E008F8312 /* Project object */ = {
			isa = PBXProject;
			attributes = {
				LastSwiftUpdateCheck = 1030;
				LastUpgradeCheck = 1030;
				ORGANIZATIONNAME = gdaalumno;
				TargetAttributes = {
					9B802BA123607B8E008F8312 = {
						CreatedOnToolsVersion = 10.3;
					};
				};
			};
			buildConfigurationList = 9B802B9D23607B8E008F8312 /* Build configuration list for PBXProject "instragramclone" */;
			compatibilityVersion = "Xcode 9.3";
			developmentRegion = en;
			hasScannedForEncodings = 0;
			knownRegions = (
				en,
				Base,
			);
			mainGroup = 9B802B9923607B8E008F8312;
			productRefGroup = 9B802BA323607B8E008F8312 /* Products */;
			projectDirPath = "";
			projectRoot = "";
			targets = (
				9B802BA123607B8E008F8312 /* instragramclone */,
			);
		};
/* End PBXProject section */

/* Begin PBXResourcesBuildPhase section */
		9B802BA023607B8E008F8312 /* Resources */ = {
			isa = PBXResourcesBuildPhase;
			buildActionMask = 2147483647;
			files = (
				9B802BB323607B8F008F8312 /* LaunchScreen.storyboard in Resources */,
				9B802BB023607B8F008F8312 /* Assets.xcassets in Resources */,
				9B802BBD23609C35008F8312 /* CustomCell.xib in Resources */,
				9BB51B132360AEBD00484AE3 /* logo1.png in Resources */,
				9B802BAB23607B8E008F8312 /* Main.storyboard in Resources */,
			);
			runOnlyForDeploymentPostprocessing = 0;
		};
/* End PBXResourcesBuildPhase section */

/* Begin PBXSourcesBuildPhase section */
		9B802B9E23607B8E008F8312 /* Sources */ = {
			isa = PBXSourcesBuildPhase;
			buildActionMask = 2147483647;
			files = (
				9B802BA823607B8E008F8312 /* ViewController.swift in Sources */,
				9B802BA623607B8E008F8312 /* AppDelegate.swift in Sources */,
				9B802BBC23609C35008F8312 /* CustomCell.swift in Sources */,
				9BB51B112360A1C000484AE3 /* LoginViewController.swift in Sources */,
				9B802BAE23607B8E008F8312 /* instragramclone.xcdatamodeld in Sources */,
			);
			runOnlyForDeploymentPostprocessing = 0;
		};
/* End PBXSourcesBuildPhase section */

/* Begin PBXVariantGroup section */
		9B802BA923607B8E008F8312 /* Main.storyboard */ = {
			isa = PBXVariantGroup;
			children = (
				9B802BAA23607B8E008F8312 /* Base */,
			);
			name = Main.storyboard;
			sourceTree = "<group>";
		};
		9B802BB123607B8F008F8312 /* LaunchScreen.storyboard */ = {
			isa = PBXVariantGroup;
			children = (
				9B802BB223607B8F008F8312 /* Base */,
			);
			name = LaunchScreen.storyboard;
			sourceTree = "<group>";
		};
/* End PBXVariantGroup section */

/* Begin XCBuildConfiguration section */
		9B802BB523607B8F008F8312 /* Debug */ = {
			isa = XCBuildConfiguration;
			buildSettings = {
				ALWAYS_SEARCH_USER_PATHS = NO;
				CLANG_ANALYZER_NONNULL = YES;
				CLANG_ANALYZER_NUMBER_OBJECT_CONVERSION = YES_AGGRESSIVE;
				CLANG_CXX_LANGUAGE_STANDARD = "gnu++14";
				CLANG_CXX_LIBRARY = "libc++";
				CLANG_ENABLE_MODULES = YES;
				CLANG_ENABLE_OBJC_ARC = YES;
				CLANG_ENABLE_OBJC_WEAK = YES;
				CLANG_WARN_BLOCK_CAPTURE_AUTORELEASING = YES;
				CLANG_WARN_BOOL_CONVERSION = YES;
				CLANG_WARN_COMMA = YES;
				CLANG_WARN_CONSTANT_CONVERSION = YES;
				CLANG_WARN_DEPRECATED_OBJC_IMPLEMENTATIONS = YES;
				CLANG_WARN_DIRECT_OBJC_ISA_USAGE = YES_ERROR;
				CLANG_WARN_DOCUMENTATION_COMMENTS = YES;
				CLANG_WARN_EMPTY_BODY = YES;
				CLANG_WARN_ENUM_CONVERSION = YES;
				CLANG_WARN_INFINITE_RECURSION = YES;
				CLANG_WARN_INT_CONVERSION = YES;
				CLANG_WARN_NON_LITERAL_NULL_CONVERSION = YES;
				CLANG_WARN_OBJC_IMPLICIT_RETAIN_SELF = YES;
				CLANG_WARN_OBJC_LITERAL_CONVERSION = YES;
				CLANG_WARN_OBJC_ROOT_CLASS = YES_ERROR;
				CLANG_WARN_RANGE_LOOP_ANALYSIS = YES;
				CLANG_WARN_STRICT_PROTOTYPES = YES;
				CLANG_WARN_SUSPICIOUS_MOVE = YES;
				CLANG_WARN_UNGUARDED_AVAILABILITY = YES_AGGRESSIVE;
				CLANG_WARN_UNREACHABLE_CODE = YES;
				CLANG_WARN__DUPLICATE_METHOD_MATCH = YES;
				CODE_SIGN_IDENTITY = "iPhone Developer";
				COPY_PHASE_STRIP = NO;
				DEBUG_INFORMATION_FORMAT = dwarf;
				ENABLE_STRICT_OBJC_MSGSEND = YES;
				ENABLE_TESTABILITY = YES;
				GCC_C_LANGUAGE_STANDARD = gnu11;
				GCC_DYNAMIC_NO_PIC = NO;
				GCC_NO_COMMON_BLOCKS = YES;
				GCC_OPTIMIZATION_LEVEL = 0;
				GCC_PREPROCESSOR_DEFINITIONS = (
					"DEBUG=1",
					"$(inherited)",
				);
				GCC_WARN_64_TO_32_BIT_CONVERSION = YES;
				GCC_WARN_ABOUT_RETURN_TYPE = YES_ERROR;
				GCC_WARN_UNDECLARED_SELECTOR = YES;
				GCC_WARN_UNINITIALIZED_AUTOS = YES_AGGRESSIVE;
				GCC_WARN_UNUSED_FUNCTION = YES;
				GCC_WARN_UNUSED_VARIABLE = YES;
				IPHONEOS_DEPLOYMENT_TARGET = 12.4;
				MTL_ENABLE_DEBUG_INFO = INCLUDE_SOURCE;
				MTL_FAST_MATH = YES;
				ONLY_ACTIVE_ARCH = YES;
				SDKROOT = iphoneos;
				SWIFT_ACTIVE_COMPILATION_CONDITIONS = DEBUG;
				SWIFT_OPTIMIZATION_LEVEL = "-Onone";
			};
			name = Debug;
		};
		9B802BB623607B8F008F8312 /* Release */ = {
			isa = XCBuildConfiguration;
			buildSettings = {
				ALWAYS_SEARCH_USER_PATHS = NO;
				CLANG_ANALYZER_NONNULL = YES;
				CLANG_ANALYZER_NUMBER_OBJECT_CONVERSION = YES_AGGRESSIVE;
				CLANG_CXX_LANGUAGE_STANDARD = "gnu++14";
				CLANG_CXX_LIBRARY = "libc++";
				CLANG_ENABLE_MODULES = YES;
				CLANG_ENABLE_OBJC_ARC = YES;
				CLANG_ENABLE_OBJC_WEAK = YES;
				CLANG_WARN_BLOCK_CAPTURE_AUTORELEASING = YES;
				CLANG_WARN_BOOL_CONVERSION = YES;
				CLANG_WARN_COMMA = YES;
				CLANG_WARN_CONSTANT_CONVERSION = YES;
				CLANG_WARN_DEPRECATED_OBJC_IMPLEMENTATIONS = YES;
				CLANG_WARN_DIRECT_OBJC_ISA_USAGE = YES_ERROR;
				CLANG_WARN_DOCUMENTATION_COMMENTS = YES;
				CLANG_WARN_EMPTY_BODY = YES;
				CLANG_WARN_ENUM_CONVERSION = YES;
				CLANG_WARN_INFINITE_RECURSION = YES;
				CLANG_WARN_INT_CONVERSION = YES;
				CLANG_WARN_NON_LITERAL_NULL_CONVERSION = YES;
				CLANG_WARN_OBJC_IMPLICIT_RETAIN_SELF = YES;
				CLANG_WARN_OBJC_LITERAL_CONVERSION = YES;
				CLANG_WARN_OBJC_ROOT_CLASS = YES_ERROR;
				CLANG_WARN_RANGE_LOOP_ANALYSIS = YES;
				CLANG_WARN_STRICT_PROTOTYPES = YES;
				CLANG_WARN_SUSPICIOUS_MOVE = YES;
				CLANG_WARN_UNGUARDED_AVAILABILITY = YES_AGGRESSIVE;
				CLANG_WARN_UNREACHABLE_CODE = YES;
				CLANG_WARN__DUPLICATE_METHOD_MATCH = YES;
				CODE_SIGN_IDENTITY = "iPhone Developer";
				COPY_PHASE_STRIP = NO;
				DEBUG_INFORMATION_FORMAT = "dwarf-with-dsym";
				ENABLE_NS_ASSERTIONS = NO;
				ENABLE_STRICT_OBJC_MSGSEND = YES;
				GCC_C_LANGUAGE_STANDARD = gnu11;
				GCC_NO_COMMON_BLOCKS = YES;
				GCC_WARN_64_TO_32_BIT_CONVERSION = YES;
				GCC_WARN_ABOUT_RETURN_TYPE = YES_ERROR;
				GCC_WARN_UNDECLARED_SELECTOR = YES;
				GCC_WARN_UNINITIALIZED_AUTOS = YES_AGGRESSIVE;
				GCC_WARN_UNUSED_FUNCTION = YES;
				GCC_WARN_UNUSED_VARIABLE = YES;
				IPHONEOS_DEPLOYMENT_TARGET = 12.4;
				MTL_ENABLE_DEBUG_INFO = NO;
				MTL_FAST_MATH = YES;
				SDKROOT = iphoneos;
				SWIFT_COMPILATION_MODE = wholemodule;
				SWIFT_OPTIMIZATION_LEVEL = "-O";
				VALIDATE_PRODUCT = YES;
			};
			name = Release;
		};
		9B802BB823607B8F008F8312 /* Debug */ = {
			isa = XCBuildConfiguration;
			buildSettings = {
				ASSETCATALOG_COMPILER_APPICON_NAME = AppIcon;
				CODE_SIGN_STYLE = Automatic;
				INFOPLIST_FILE = instragramclone/Info.plist;
				LD_RUNPATH_SEARCH_PATHS = (
					"$(inherited)",
					"@executable_path/Frameworks",
				);
				PRODUCT_BUNDLE_IDENTIFIER = iosclass.instragramclone;
				PRODUCT_NAME = "$(TARGET_NAME)";
				SWIFT_VERSION = 5.0;
				TARGETED_DEVICE_FAMILY = "1,2";
			};
			name = Debug;
		};
		9B802BB923607B8F008F8312 /* Release */ = {
			isa = XCBuildConfiguration;
			buildSettings = {
				ASSETCATALOG_COMPILER_APPICON_NAME = AppIcon;
				CODE_SIGN_STYLE = Automatic;
				INFOPLIST_FILE = instragramclone/Info.plist;
				LD_RUNPATH_SEARCH_PATHS = (
					"$(inherited)",
					"@executable_path/Frameworks",
				);
				PRODUCT_BUNDLE_IDENTIFIER = iosclass.instragramclone;
				PRODUCT_NAME = "$(TARGET_NAME)";
				SWIFT_VERSION = 5.0;
				TARGETED_DEVICE_FAMILY = "1,2";
			};
			name = Release;
		};
/* End XCBuildConfiguration section */

/* Begin XCConfigurationList section */
		9B802B9D23607B8E008F8312 /* Build configuration list for PBXProject "instragramclone" */ = {
			isa = XCConfigurationList;
			buildConfigurations = (
				9B802BB523607B8F008F8312 /* Debug */,
				9B802BB623607B8F008F8312 /* Release */,
			);
			defaultConfigurationIsVisible = 0;
			defaultConfigurationName = Release;
		};
		9B802BB723607B8F008F8312 /* Build configuration list for PBXNativeTarget "instragramclone" */ = {
			isa = XCConfigurationList;
			buildConfigurations = (
				9B802BB823607B8F008F8312 /* Debug */,
				9B802BB923607B8F008F8312 /* Release */,
			);
			defaultConfigurationIsVisible = 0;
			defaultConfigurationName = Release;
		};
/* End XCConfigurationList section */

/* Begin XCVersionGroup section */
		9B802BAC23607B8E008F8312 /* instragramclone.xcdatamodeld */ = {
			isa = XCVersionGroup;
			children = (
				9B802BAD23607B8E008F8312 /* instragramclone.xcdatamodel */,
			);
			currentVersion = 9B802BAD23607B8E008F8312 /* instragramclone.xcdatamodel */;
			path = instragramclone.xcdatamodeld;
			sourceTree = "<group>";
			versionGroupType = wrapper.xcdatamodel;
		};
/* End XCVersionGroup section */
	};
	rootObject = 9B802B9A23607B8E008F8312 /* Project object */;
}
